
Microsoft Visual Studio Solution File, Format Version 12.00
# Visual Studio Version 17
VisualStudioVersion = 17.14.36327.8 d17.14
MinimumVisualStudioVersion = 10.0.40219.1
Project("{FAE04EC0-301F-11D3-BF4B-00C04F79EFBC}") = "PizzaMaker", "PizzaMaker\PizzaMaker.csproj", "{5BE4E69C-29A1-42EE-9710-6C287924FD70}"
EndProject
Project("{FAE04EC0-301F-11D3-BF4B-00C04F79EFBC}") = "PizzaMakerClassLibrary", "PizzaMakerClassLibrary\PizzaMakerClassLibrary.csproj", "{57BE57F1-D041-40DC-A771-791074CAA431}"
EndProject
Global
	GlobalSection(SolutionConfigurationPlatforms) = preSolution
		Debug|Any CPU = Debug|Any CPU
		Release|Any CPU = Release|Any CPU
	EndGlobalSection
	GlobalSection(ProjectConfigurationPlatforms) = postSolution
		{5BE4E69C-29A1-42EE-9710-6C287924FD70}.Debug|Any CPU.ActiveCfg = Debug|Any CPU
		{5BE4E69C-29A1-42EE-9710-6C287924FD70}.Debug|Any CPU.Build.0 = Debug|Any CPU
		{5BE4E69C-29A1-42EE-9710-6C287924FD70}.Release|Any CPU.ActiveCfg = Release|Any CPU
		{5BE4E69C-29A1-42EE-9710-6C287924FD70}.Release|Any CPU.Build.0 = Release|Any CPU
		{57BE57F1-D041-40DC-A771-791074CAA431}.Debug|Any CPU.ActiveCfg = Debug|Any CPU
		{57BE57F1-D041-40DC-A771-791074CAA431}.Debug|Any CPU.Build.0 = Debug|Any CPU
		{57BE57F1-D041-40DC-A771-791074CAA431}.Release|Any CPU.ActiveCfg = Release|Any CPU
		{57BE57F1-D041-40DC-A771-791074CAA431}.Release|Any CPU.Build.0 = Release|Any CPU
	EndGlobalSection
	GlobalSection(SolutionProperties) = preSolution
		HideSolutionNode = FALSE
	EndGlobalSection
	GlobalSection(ExtensibilityGlobals) = postSolution
		SolutionGuid = {99D7FA82-907C-4A42-9C7A-FEE336B7E555}
	EndGlobalSection
EndGlobal
